
Microsoft Visual Studio Solution File, Format Version 12.00
# Visual Studio Version 17
VisualStudioVersion = 17.7.34221.43
MinimumVisualStudioVersion = 10.0.40219.1
Project("{9A19103F-16F7-4668-BE54-9A1E7A4F7556}") = "Visualizationizer1.0", "Visualizationizer1.0.csproj", "{4D37274B-DBC8-4FF0-B8BE-97FCF7EC5D72}"
EndProject
Global
	GlobalSection(SolutionConfigurationPlatforms) = preSolution
		Debug|Any CPU = Debug|Any CPU
		Release|Any CPU = Release|Any CPU
	EndGlobalSection
	GlobalSection(ProjectConfigurationPlatforms) = postSolution
		{4D37274B-DBC8-4FF0-B8BE-97FCF7EC5D72}.Debug|Any CPU.ActiveCfg = Debug|Any CPU
		{4D37274B-DBC8-4FF0-B8BE-97FCF7EC5D72}.Debug|Any CPU.Build.0 = Debug|Any CPU
		{4D37274B-DBC8-4FF0-B8BE-97FCF7EC5D72}.Release|Any CPU.ActiveCfg = Release|Any CPU
		{4D37274B-DBC8-4FF0-B8BE-97FCF7EC5D72}.Release|Any CPU.Build.0 = Release|Any CPU
	EndGlobalSection
	GlobalSection(SolutionProperties) = preSolution
		HideSolutionNode = FALSE
	EndGlobalSection
	GlobalSection(ExtensibilityGlobals) = postSolution
		SolutionGuid = {47AAEBBB-48FA-4119-AD71-2B20136E8CDB}
	EndGlobalSection
EndGlobal
